
Microsoft Visual Studio Solution File, Format Version 12.00
# Visual Studio 15
VisualStudioVersion = 15.0.27130.2010
MinimumVisualStudioVersion = 10.0.40219.1
Project("{FAE04EC0-301F-11D3-BF4B-00C04F79EFBC}") = "Term 2 SDD Major Project", "SDD Graphics Attempt 1\Term 2 SDD Major Project.csproj", "{29720533-4031-453F-9BE7-07055913E297}"
EndProject
Global
	GlobalSection(SolutionConfigurationPlatforms) = preSolution
		Debug|Any CPU = Debug|Any CPU
		Release|Any CPU = Release|Any CPU
	EndGlobalSection
	GlobalSection(ProjectConfigurationPlatforms) = postSolution
		{29720533-4031-453F-9BE7-07055913E297}.Debug|Any CPU.ActiveCfg = Debug|Any CPU
		{29720533-4031-453F-9BE7-07055913E297}.Debug|Any CPU.Build.0 = Debug|Any CPU
		{29720533-4031-453F-9BE7-07055913E297}.Release|Any CPU.ActiveCfg = Release|Any CPU
		{29720533-4031-453F-9BE7-07055913E297}.Release|Any CPU.Build.0 = Release|Any CPU
	EndGlobalSection
	GlobalSection(SolutionProperties) = preSolution
		HideSolutionNode = FALSE
	EndGlobalSection
	GlobalSection(ExtensibilityGlobals) = postSolution
		SolutionGuid = {1E1CEFAA-4452-4CA7-A90A-59A86DBD1020}
	EndGlobalSection
EndGlobal
